
Microsoft Visual Studio Solution File, Format Version 12.00
# Visual Studio Version 17
VisualStudioVersion = 17.6.33829.357
MinimumVisualStudioVersion = 10.0.40219.1
Project("{FAE04EC0-301F-11D3-BF4B-00C04F79EFBC}") = "4th_perss_ptoject", "4th_perss_ptoject\4th_perss_ptoject.csproj", "{EE58BE97-4B2F-4A6B-95BD-06833E703FCC}"
EndProject
Global
	GlobalSection(SolutionConfigurationPlatforms) = preSolution
		Debug|Any CPU = Debug|Any CPU
		Release|Any CPU = Release|Any CPU
	EndGlobalSection
	GlobalSection(ProjectConfigurationPlatforms) = postSolution
		{EE58BE97-4B2F-4A6B-95BD-06833E703FCC}.Debug|Any CPU.ActiveCfg = Debug|Any CPU
		{EE58BE97-4B2F-4A6B-95BD-06833E703FCC}.Debug|Any CPU.Build.0 = Debug|Any CPU
		{EE58BE97-4B2F-4A6B-95BD-06833E703FCC}.Release|Any CPU.ActiveCfg = Release|Any CPU
		{EE58BE97-4B2F-4A6B-95BD-06833E703FCC}.Release|Any CPU.Build.0 = Release|Any CPU
	EndGlobalSection
	GlobalSection(SolutionProperties) = preSolution
		HideSolutionNode = FALSE
	EndGlobalSection
	GlobalSection(ExtensibilityGlobals) = postSolution
		SolutionGuid = {8C67C453-2B07-4AA7-82D8-11366A068EDD}
	EndGlobalSection
EndGlobal
